<?xml version="1.0" encoding="utf-8"?>
<Project ToolsVersion="4.0" xmlns="http://schemas.microsoft.com/developer/msbuild/2003">
  <ItemGroup>
    <Filter Include="Source Files">
      <UniqueIdentifier>{4FC737F1-C7A5-4376-A066-2A32D752A2FF}</UniqueIdentifier>
      <Extensions>cpp;c;cc;cxx;c++;cppm;ixx;def;odl;idl;hpj;bat;asm;asmx</Extensions>
    </Filter>
    <Filter Include="Header Files">
      <UniqueIdentifier>{93995380-89BD-4b04-88EB-625FBE52EBFB}</UniqueIdentifier>
      <Extensions>h;hh;hpp;hxx;h++;hm;inl;inc;ipp;xsd</Extensions>
    </Filter>
    <Filter Include="Resource Files">
      <UniqueIdentifier>{67DA6AB6-F800-4c08-8B7A-83BB121AAD01}</UniqueIdentifier>
      <Extensions>rc;ico;cur;bmp;dlg;rc2;rct;bin;rgs;gif;jpg;jpeg;jpe;resx;tiff;tif;png;wav;mfcribbon-ms</Extensions>
    </Filter>
    <Filter Include="Source Files\Core">
      <UniqueIdentifier>{5f87e295-81e5-4c16-b5ae-9a4effaaa473}</UniqueIdentifier>
    </Filter>
    <Filter Include="Source Files\Graphics">
      <UniqueIdentifier>{de35b477-1bed-48ca-b2f1-6d8d0528417b}</UniqueIdentifier>
    </Filter>
    <Filter Include="Source Files\Physics">
      <UniqueIdentifier>{81cac450-a2e8-4b43-89db-80eedb1b7966}</UniqueIdentifier>
    </Filter>
    <Filter Include="Source Files\Core\Shaders">
      <UniqueIdentifier>{86a3288e-f0a9-4ea1-997f-20141bdd5b94}</UniqueIdentifier>
    </Filter>
    <Filter Include="Source Files\Engine">
      <UniqueIdentifier>{b3a87eef-4d92-47dc-8518-be014dd268b1}</UniqueIdentifier>
    </Filter>
  </ItemGroup>
  <ItemGroup>
    <ClCompile Include="main.cpp">
      <Filter>Source Files</Filter>
    </ClCompile>
    <ClCompile Include="GameEngine\Camera.cpp">
      <Filter>Source Files\Engine</Filter>
    </ClCompile>
    <ClCompile Include="GameEngine\InputHandling.cpp">
      <Filter>Source Files\Engine</Filter>
    </ClCompile>
    <ClCompile Include="Core\glad.c">
      <Filter>Source Files\Core</Filter>
    </ClCompile>
    <ClCompile Include="Graphics\ShaderManager\ShaderManager.cpp">
      <Filter>Source Files\Graphics</Filter>
    </ClCompile>
    <ClCompile Include="Graphics\VAOManager\VAOManager.cpp">
      <Filter>Source Files\Graphics</Filter>
    </ClCompile>
    <ClCompile Include="Graphics\GameObject\GameObject.cpp">
      <Filter>Source Files\Graphics</Filter>
    </ClCompile>
    <ClCompile Include="GameEngine\GameEngine.cpp">
      <Filter>Source Files\Engine</Filter>
    </ClCompile>
    <ClCompile Include="Graphics\LightsManager\LightHelper.cpp">
      <Filter>Source Files\Graphics</Filter>
    </ClCompile>
    <ClCompile Include="Graphics\LightsManager\LightManager.cpp">
      <Filter>Source Files\Graphics</Filter>
    </ClCompile>
    <ClCompile Include="GameEngine\GLRenderer.cpp">
      <Filter>Source Files\Engine</Filter>
    </ClCompile>
    <ClCompile Include="Physics\QuadMap.cpp">
      <Filter>Source Files</Filter>
    </ClCompile>
    <ClCompile Include="Physics\cPhysics_IntersectionTests.cpp">
      <Filter>Source Files\Physics</Filter>
    </ClCompile>
    <ClCompile Include="Physics\cPhysics_BasicTests.cpp">
      <Filter>Source Files\Physics</Filter>
    </ClCompile>
    <ClCompile Include="Physics\PhysicsEngine.cpp">
      <Filter>Source Files\Physics</Filter>
    </ClCompile>
    <ClCompile Include="Physics\sPhysicsProperties.cpp">
      <Filter>Source Files\Physics</Filter>
    </ClCompile>
    <ClCompile Include="Game\Ball.cpp">
      <Filter>Source Files</Filter>
    </ClCompile>
    <ClCompile Include="GameEngine\BaseScene.cpp">
      <Filter>Source Files</Filter>
    </ClCompile>
    <ClCompile Include="Game\SceneLevel1.cpp">
      <Filter>Source Files</Filter>
    </ClCompile>
  </ItemGroup>
  <ItemGroup>
    <None Include="packages.config" />
    <None Include="assets\shaders\fragment_shader.glsl">
      <Filter>Source Files\Core\Shaders</Filter>
    </None>
    <None Include="assets\shaders\vertex_shader.glsl">
      <Filter>Source Files\Core\Shaders</Filter>
    </None>
  </ItemGroup>
  <ItemGroup>
    <ClInclude Include="GameEngine\Camera.h">
      <Filter>Header Files</Filter>
    </ClInclude>
    <ClInclude Include="Graphics\ShaderManager\ShaderManager.h">
      <Filter>Header Files</Filter>
    </ClInclude>
    <ClInclude Include="Graphics\VAOManager\VAOManager.h">
      <Filter>Header Files</Filter>
    </ClInclude>
    <ClInclude Include="Core\GLFW_Callbacks.h">
      <Filter>Header Files</Filter>
    </ClInclude>
    <ClInclude Include="Core\OpenGlCommons.h">
      <Filter>Header Files</Filter>
    </ClInclude>
    <ClInclude Include="Graphics\LightsManager\LightManager.h">
      <Filter>Header Files</Filter>
    </ClInclude>
    <ClInclude Include="Graphics\LightsManager\LightHelper.h">
      <Filter>Header Files</Filter>
    </ClInclude>
    <ClInclude Include="Graphics\GameObject\GameObject.h">
      <Filter>Header Files</Filter>
    </ClInclude>
    <ClInclude Include="GameEngine\GameEngine.h">
      <Filter>Header Files</Filter>
    </ClInclude>
    <ClInclude Include="GameEngine\GLRenderer.h">
      <Filter>Header Files</Filter>
    </ClInclude>
    <ClInclude Include="Core\Globals.h">
      <Filter>Header Files</Filter>
    </ClInclude>
    <ClInclude Include="Physics\iPhysicsMesh.h">
      <Filter>Header Files</Filter>
    </ClInclude>
    <ClInclude Include="Physics\PhysicsEngine.h">
      <Filter>Header Files</Filter>
    </ClInclude>
    <ClInclude Include="Physics\sPhysicsProperties.h">
      <Filter>Header Files</Filter>
    </ClInclude>
    <ClInclude Include="Physics\QuadMap.h">
      <Filter>Header Files</Filter>
    </ClInclude>
    <ClInclude Include="Physics\OctaMap.h">
      <Filter>Header Files</Filter>
    </ClInclude>
    <ClInclude Include="Game\Ball.h">
      <Filter>Header Files</Filter>
    </ClInclude>
    <ClInclude Include="Graphics\GameObject\eMesh.h">
      <Filter>Header Files</Filter>
    </ClInclude>
    <ClInclude Include="GameEngine\BaseScene.h">
      <Filter>Header Files</Filter>
    </ClInclude>
    <ClInclude Include="Game\SceneLevel1.h">
      <Filter>Header Files</Filter>
    </ClInclude>
  </ItemGroup>
</Project>